
Microsoft Visual Studio Solution File, Format Version 12.00
# Visual Studio Version 17
VisualStudioVersion = 17.0.31903.59
MinimumVisualStudioVersion = 10.0.40219.1
Project("{FAE04EC0-301F-11D3-BF4B-00C04F79EFBC}") = "Atlas.Api", "Atlas.Api.csproj", "{746DD560-6A4D-4F32-9D8F-AA3141C09216}"
EndProject
Project("{FAE04EC0-301F-11D3-BF4B-00C04F79EFBC}") = "Atlas.Tests", "Atlas.Tests\Atlas.Tests.csproj", "{0525C92C-620C-40A8-A156-F585AA9DAD7C}"
EndProject
Global
	GlobalSection(SolutionConfigurationPlatforms) = preSolution
		Debug|Any CPU = Debug|Any CPU
		Release|Any CPU = Release|Any CPU
	EndGlobalSection
	GlobalSection(SolutionProperties) = preSolution
		HideSolutionNode = FALSE
	EndGlobalSection
	GlobalSection(ProjectConfigurationPlatforms) = postSolution
		{746DD560-6A4D-4F32-9D8F-AA3141C09216}.Debug|Any CPU.ActiveCfg = Debug|Any CPU
		{746DD560-6A4D-4F32-9D8F-AA3141C09216}.Debug|Any CPU.Build.0 = Debug|Any CPU
		{746DD560-6A4D-4F32-9D8F-AA3141C09216}.Release|Any CPU.ActiveCfg = Release|Any CPU
		{746DD560-6A4D-4F32-9D8F-AA3141C09216}.Release|Any CPU.Build.0 = Release|Any CPU
		{0525C92C-620C-40A8-A156-F585AA9DAD7C}.Debug|Any CPU.ActiveCfg = Debug|Any CPU
		{0525C92C-620C-40A8-A156-F585AA9DAD7C}.Debug|Any CPU.Build.0 = Debug|Any CPU
		{0525C92C-620C-40A8-A156-F585AA9DAD7C}.Release|Any CPU.ActiveCfg = Release|Any CPU
		{0525C92C-620C-40A8-A156-F585AA9DAD7C}.Release|Any CPU.Build.0 = Release|Any CPU
	EndGlobalSection
EndGlobal
